
Microsoft Visual Studio Solution File, Format Version 12.00
# Visual Studio Version 16
VisualStudioVersion = 16.0.31702.278
MinimumVisualStudioVersion = 10.0.40219.1
Project("{FAE04EC0-301F-11D3-BF4B-00C04F79EFBC}") = "Demo.Web", "Demo.Web\Demo.Web.csproj", "{60EC7819-F267-4E92-8D86-0D6ECAE508B4}"
EndProject
Project("{FAE04EC0-301F-11D3-BF4B-00C04F79EFBC}") = "Demo.API", "Demo.API\Demo.API.csproj", "{F292E52A-9D52-4815-9CE6-91F5D9BEDECD}"
EndProject
Project("{FAE04EC0-301F-11D3-BF4B-00C04F79EFBC}") = "Demo.Models", "Demo.Models\Demo.Models.csproj", "{7C64B407-839F-4F18-90D1-10C71342B79E}"
EndProject
Global
	GlobalSection(SolutionConfigurationPlatforms) = preSolution
		Debug|Any CPU = Debug|Any CPU
		Release|Any CPU = Release|Any CPU
	EndGlobalSection
	GlobalSection(ProjectConfigurationPlatforms) = postSolution
		{60EC7819-F267-4E92-8D86-0D6ECAE508B4}.Debug|Any CPU.ActiveCfg = Debug|Any CPU
		{60EC7819-F267-4E92-8D86-0D6ECAE508B4}.Debug|Any CPU.Build.0 = Debug|Any CPU
		{60EC7819-F267-4E92-8D86-0D6ECAE508B4}.Release|Any CPU.ActiveCfg = Release|Any CPU
		{60EC7819-F267-4E92-8D86-0D6ECAE508B4}.Release|Any CPU.Build.0 = Release|Any CPU
		{F292E52A-9D52-4815-9CE6-91F5D9BEDECD}.Debug|Any CPU.ActiveCfg = Debug|Any CPU
		{F292E52A-9D52-4815-9CE6-91F5D9BEDECD}.Debug|Any CPU.Build.0 = Debug|Any CPU
		{F292E52A-9D52-4815-9CE6-91F5D9BEDECD}.Release|Any CPU.ActiveCfg = Release|Any CPU
		{F292E52A-9D52-4815-9CE6-91F5D9BEDECD}.Release|Any CPU.Build.0 = Release|Any CPU
		{7C64B407-839F-4F18-90D1-10C71342B79E}.Debug|Any CPU.ActiveCfg = Debug|Any CPU
		{7C64B407-839F-4F18-90D1-10C71342B79E}.Debug|Any CPU.Build.0 = Debug|Any CPU
		{7C64B407-839F-4F18-90D1-10C71342B79E}.Release|Any CPU.ActiveCfg = Release|Any CPU
		{7C64B407-839F-4F18-90D1-10C71342B79E}.Release|Any CPU.Build.0 = Release|Any CPU
	EndGlobalSection
	GlobalSection(SolutionProperties) = preSolution
		HideSolutionNode = FALSE
	EndGlobalSection
	GlobalSection(ExtensibilityGlobals) = postSolution
		SolutionGuid = {31D23C79-69F2-4642-9DE1-DA1ED4BED010}
	EndGlobalSection
EndGlobal
